
Microsoft Visual Studio Solution File, Format Version 12.00
# Visual Studio Version 17
VisualStudioVersion = 17.3.32922.545
MinimumVisualStudioVersion = 10.0.40219.1
Project("{8BC9CEB8-8B4A-11D0-8D11-00A0C91BC942}") = "laba5.4", "laba5.4\laba5.4.vcxproj", "{79FA6201-01C8-4F48-A7B0-61E9BD270759}"
EndProject
Project("{8BC9CEB8-8B4A-11D0-8D11-00A0C91BC942}") = "UnitTest4", "UnitTest4\UnitTest4.vcxproj", "{14BE17B1-6136-49FA-9EF2-ED1B6CFCE4AA}"
EndProject
Global
	GlobalSection(SolutionConfigurationPlatforms) = preSolution
		Debug|x64 = Debug|x64
		Debug|x86 = Debug|x86
		Release|x64 = Release|x64
		Release|x86 = Release|x86
	EndGlobalSection
	GlobalSection(ProjectConfigurationPlatforms) = postSolution
		{79FA6201-01C8-4F48-A7B0-61E9BD270759}.Debug|x64.ActiveCfg = Debug|x64
		{79FA6201-01C8-4F48-A7B0-61E9BD270759}.Debug|x64.Build.0 = Debug|x64
		{79FA6201-01C8-4F48-A7B0-61E9BD270759}.Debug|x86.ActiveCfg = Debug|Win32
		{79FA6201-01C8-4F48-A7B0-61E9BD270759}.Debug|x86.Build.0 = Debug|Win32
		{79FA6201-01C8-4F48-A7B0-61E9BD270759}.Release|x64.ActiveCfg = Release|x64
		{79FA6201-01C8-4F48-A7B0-61E9BD270759}.Release|x64.Build.0 = Release|x64
		{79FA6201-01C8-4F48-A7B0-61E9BD270759}.Release|x86.ActiveCfg = Release|Win32
		{79FA6201-01C8-4F48-A7B0-61E9BD270759}.Release|x86.Build.0 = Release|Win32
		{14BE17B1-6136-49FA-9EF2-ED1B6CFCE4AA}.Debug|x64.ActiveCfg = Debug|x64
		{14BE17B1-6136-49FA-9EF2-ED1B6CFCE4AA}.Debug|x64.Build.0 = Debug|x64
		{14BE17B1-6136-49FA-9EF2-ED1B6CFCE4AA}.Debug|x86.ActiveCfg = Debug|Win32
		{14BE17B1-6136-49FA-9EF2-ED1B6CFCE4AA}.Debug|x86.Build.0 = Debug|Win32
		{14BE17B1-6136-49FA-9EF2-ED1B6CFCE4AA}.Release|x64.ActiveCfg = Release|x64
		{14BE17B1-6136-49FA-9EF2-ED1B6CFCE4AA}.Release|x64.Build.0 = Release|x64
		{14BE17B1-6136-49FA-9EF2-ED1B6CFCE4AA}.Release|x86.ActiveCfg = Release|Win32
		{14BE17B1-6136-49FA-9EF2-ED1B6CFCE4AA}.Release|x86.Build.0 = Release|Win32
	EndGlobalSection
	GlobalSection(SolutionProperties) = preSolution
		HideSolutionNode = FALSE
	EndGlobalSection
	GlobalSection(ExtensibilityGlobals) = postSolution
		SolutionGuid = {F0C2B5B9-1514-4D94-A84D-694318694B17}
	EndGlobalSection
EndGlobal
